
Microsoft Visual Studio Solution File, Format Version 12.00
# Visual Studio Version 17
VisualStudioVersion = 17.4.33205.214
MinimumVisualStudioVersion = 10.0.40219.1
Project("{FAE04EC0-301F-11D3-BF4B-00C04F79EFBC}") = "Backend", "Backend\Backend.csproj", "{04C6CDDD-0928-4E3B-9C14-E3990102E6F9}"
EndProject
Global
	GlobalSection(SolutionConfigurationPlatforms) = preSolution
		Debug|Any CPU = Debug|Any CPU
		Release|Any CPU = Release|Any CPU
	EndGlobalSection
	GlobalSection(ProjectConfigurationPlatforms) = postSolution
		{04C6CDDD-0928-4E3B-9C14-E3990102E6F9}.Debug|Any CPU.ActiveCfg = Debug|Any CPU
		{04C6CDDD-0928-4E3B-9C14-E3990102E6F9}.Debug|Any CPU.Build.0 = Debug|Any CPU
		{04C6CDDD-0928-4E3B-9C14-E3990102E6F9}.Release|Any CPU.ActiveCfg = Release|Any CPU
		{04C6CDDD-0928-4E3B-9C14-E3990102E6F9}.Release|Any CPU.Build.0 = Release|Any CPU
	EndGlobalSection
	GlobalSection(SolutionProperties) = preSolution
		HideSolutionNode = FALSE
	EndGlobalSection
	GlobalSection(ExtensibilityGlobals) = postSolution
		SolutionGuid = {353EBABF-B10F-4133-AD02-3A4AA553F3E7}
	EndGlobalSection
EndGlobal
